
Microsoft Visual Studio Solution File, Format Version 12.00
# Visual Studio Version 16
VisualStudioVersion = 16.0.29411.108
MinimumVisualStudioVersion = 10.0.40219.1
Project("{9A19103F-16F7-4668-BE54-9A1E7A4F7556}") = "ContosoUniversity", "ContosoUniversity\ContosoUniversity.csproj", "{84BD15EB-BF75-42C3-BE99-197F8405EC4B}"
EndProject
Project("{2150E333-8FDC-42A3-9474-1A3956D46DE8}") = "netcore", "netcore", "{68F9281D-F8DF-4A3F-85CA-DB2E935B77B0}"
EndProject
Project("{9A19103F-16F7-4668-BE54-9A1E7A4F7556}") = "MvcMovie", "MvcMovie\MvcMovie.csproj", "{D6A8A475-B1DA-4270-86F5-B4B84553C719}"
EndProject
Project("{2150E333-8FDC-42A3-9474-1A3956D46DE8}") = "队列", "队列", "{D12018D6-2ED9-45B3-9E01-BA1B055E81D9}"
EndProject
Project("{FAE04EC0-301F-11D3-BF4B-00C04F79EFBC}") = "demo", "MSMQ\demo.csproj", "{46E80F33-A8C0-4208-B734-2BFA7AC67A50}"
EndProject
Project("{2150E333-8FDC-42A3-9474-1A3956D46DE8}") = "Wcf", "Wcf", "{D49AAC55-9AD9-4BB7-B37C-1C7DEE16D182}"
EndProject
Project("{FAE04EC0-301F-11D3-BF4B-00C04F79EFBC}") = "WcfClient", "WcfClient\WcfClient.csproj", "{A8EC3A67-D9A5-4494-B867-36E65674596D}"
EndProject
Project("{FAE04EC0-301F-11D3-BF4B-00C04F79EFBC}") = "WcfService", "WcfService\WcfService.csproj", "{7AB589AF-6025-4AB8-8DF0-75C93BB1A2D3}"
EndProject
Project("{2150E333-8FDC-42A3-9474-1A3956D46DE8}") = "进程间通讯", "进程间通讯", "{A003EBC5-CFAB-45C2-8BF0-A83A33C4739D}"
EndProject
Project("{FAE04EC0-301F-11D3-BF4B-00C04F79EFBC}") = "MMFClient", "MMFClient\MMFClient.csproj", "{1BA40780-361C-4D8E-A9DC-5EDBAE71EF57}"
EndProject
Project("{FAE04EC0-301F-11D3-BF4B-00C04F79EFBC}") = "MMFServer", "MMFServer\MMFServer.csproj", "{3E3ACFFE-6B12-4D8F-9CC5-808919E32360}"
EndProject
Project("{FAE04EC0-301F-11D3-BF4B-00C04F79EFBC}") = "MutexTest", "MutexTest\MutexTest.csproj", "{7E85CBAF-51BC-4EA8-876C-FFD3E596C6E2}"
EndProject
Project("{FAE04EC0-301F-11D3-BF4B-00C04F79EFBC}") = "NamedPipeClient", "NamedPipeClient\NamedPipeClient.csproj", "{5C1B3CC9-735F-4956-AC2D-9EFF0010B782}"
EndProject
Project("{FAE04EC0-301F-11D3-BF4B-00C04F79EFBC}") = "NamedPipeServer", "NamedPipeServer\NamedPipeServer.csproj", "{210971FD-70B8-4818-9A4F-3FEECB905B31}"
EndProject
Project("{FAE04EC0-301F-11D3-BF4B-00C04F79EFBC}") = "PipeClient", "PipeClient\PipeClient.csproj", "{918819AC-42BD-47A1-B9FD-B8E225CF4417}"
EndProject
Project("{FAE04EC0-301F-11D3-BF4B-00C04F79EFBC}") = "PipeServer", "PipeServer\PipeServer.csproj", "{A342BA98-8F14-4C71-A150-01676E143AAD}"
EndProject
Project("{2150E333-8FDC-42A3-9474-1A3956D46DE8}") = "算法", "算法", "{3D828A14-8AB8-451D-B7B9-09188B87788B}"
EndProject
Project("{9A19103F-16F7-4668-BE54-9A1E7A4F7556}") = "排序", "排序\排序.csproj", "{80551ED8-BC0A-420C-B63B-996E872F910B}"
EndProject
Global
	GlobalSection(SolutionConfigurationPlatforms) = preSolution
		Debug|Any CPU = Debug|Any CPU
		Release|Any CPU = Release|Any CPU
	EndGlobalSection
	GlobalSection(ProjectConfigurationPlatforms) = postSolution
		{84BD15EB-BF75-42C3-BE99-197F8405EC4B}.Debug|Any CPU.ActiveCfg = Debug|Any CPU
		{84BD15EB-BF75-42C3-BE99-197F8405EC4B}.Debug|Any CPU.Build.0 = Debug|Any CPU
		{84BD15EB-BF75-42C3-BE99-197F8405EC4B}.Release|Any CPU.ActiveCfg = Release|Any CPU
		{84BD15EB-BF75-42C3-BE99-197F8405EC4B}.Release|Any CPU.Build.0 = Release|Any CPU
		{D6A8A475-B1DA-4270-86F5-B4B84553C719}.Debug|Any CPU.ActiveCfg = Debug|Any CPU
		{D6A8A475-B1DA-4270-86F5-B4B84553C719}.Debug|Any CPU.Build.0 = Debug|Any CPU
		{D6A8A475-B1DA-4270-86F5-B4B84553C719}.Release|Any CPU.ActiveCfg = Release|Any CPU
		{D6A8A475-B1DA-4270-86F5-B4B84553C719}.Release|Any CPU.Build.0 = Release|Any CPU
		{46E80F33-A8C0-4208-B734-2BFA7AC67A50}.Debug|Any CPU.ActiveCfg = Debug|Any CPU
		{46E80F33-A8C0-4208-B734-2BFA7AC67A50}.Debug|Any CPU.Build.0 = Debug|Any CPU
		{46E80F33-A8C0-4208-B734-2BFA7AC67A50}.Release|Any CPU.ActiveCfg = Release|Any CPU
		{46E80F33-A8C0-4208-B734-2BFA7AC67A50}.Release|Any CPU.Build.0 = Release|Any CPU
		{A8EC3A67-D9A5-4494-B867-36E65674596D}.Debug|Any CPU.ActiveCfg = Debug|Any CPU
		{A8EC3A67-D9A5-4494-B867-36E65674596D}.Debug|Any CPU.Build.0 = Debug|Any CPU
		{A8EC3A67-D9A5-4494-B867-36E65674596D}.Release|Any CPU.ActiveCfg = Release|Any CPU
		{A8EC3A67-D9A5-4494-B867-36E65674596D}.Release|Any CPU.Build.0 = Release|Any CPU
		{7AB589AF-6025-4AB8-8DF0-75C93BB1A2D3}.Debug|Any CPU.ActiveCfg = Debug|Any CPU
		{7AB589AF-6025-4AB8-8DF0-75C93BB1A2D3}.Debug|Any CPU.Build.0 = Debug|Any CPU
		{7AB589AF-6025-4AB8-8DF0-75C93BB1A2D3}.Release|Any CPU.ActiveCfg = Release|Any CPU
		{7AB589AF-6025-4AB8-8DF0-75C93BB1A2D3}.Release|Any CPU.Build.0 = Release|Any CPU
		{1BA40780-361C-4D8E-A9DC-5EDBAE71EF57}.Debug|Any CPU.ActiveCfg = Debug|Any CPU
		{1BA40780-361C-4D8E-A9DC-5EDBAE71EF57}.Debug|Any CPU.Build.0 = Debug|Any CPU
		{1BA40780-361C-4D8E-A9DC-5EDBAE71EF57}.Release|Any CPU.ActiveCfg = Release|Any CPU
		{1BA40780-361C-4D8E-A9DC-5EDBAE71EF57}.Release|Any CPU.Build.0 = Release|Any CPU
		{3E3ACFFE-6B12-4D8F-9CC5-808919E32360}.Debug|Any CPU.ActiveCfg = Debug|Any CPU
		{3E3ACFFE-6B12-4D8F-9CC5-808919E32360}.Debug|Any CPU.Build.0 = Debug|Any CPU
		{3E3ACFFE-6B12-4D8F-9CC5-808919E32360}.Release|Any CPU.ActiveCfg = Release|Any CPU
		{3E3ACFFE-6B12-4D8F-9CC5-808919E32360}.Release|Any CPU.Build.0 = Release|Any CPU
		{7E85CBAF-51BC-4EA8-876C-FFD3E596C6E2}.Debug|Any CPU.ActiveCfg = Debug|Any CPU
		{7E85CBAF-51BC-4EA8-876C-FFD3E596C6E2}.Debug|Any CPU.Build.0 = Debug|Any CPU
		{7E85CBAF-51BC-4EA8-876C-FFD3E596C6E2}.Release|Any CPU.ActiveCfg = Release|Any CPU
		{7E85CBAF-51BC-4EA8-876C-FFD3E596C6E2}.Release|Any CPU.Build.0 = Release|Any CPU
		{5C1B3CC9-735F-4956-AC2D-9EFF0010B782}.Debug|Any CPU.ActiveCfg = Debug|Any CPU
		{5C1B3CC9-735F-4956-AC2D-9EFF0010B782}.Debug|Any CPU.Build.0 = Debug|Any CPU
		{5C1B3CC9-735F-4956-AC2D-9EFF0010B782}.Release|Any CPU.ActiveCfg = Release|Any CPU
		{5C1B3CC9-735F-4956-AC2D-9EFF0010B782}.Release|Any CPU.Build.0 = Release|Any CPU
		{210971FD-70B8-4818-9A4F-3FEECB905B31}.Debug|Any CPU.ActiveCfg = Debug|Any CPU
		{210971FD-70B8-4818-9A4F-3FEECB905B31}.Debug|Any CPU.Build.0 = Debug|Any CPU
		{210971FD-70B8-4818-9A4F-3FEECB905B31}.Release|Any CPU.ActiveCfg = Release|Any CPU
		{210971FD-70B8-4818-9A4F-3FEECB905B31}.Release|Any CPU.Build.0 = Release|Any CPU
		{918819AC-42BD-47A1-B9FD-B8E225CF4417}.Debug|Any CPU.ActiveCfg = Debug|Any CPU
		{918819AC-42BD-47A1-B9FD-B8E225CF4417}.Debug|Any CPU.Build.0 = Debug|Any CPU
		{918819AC-42BD-47A1-B9FD-B8E225CF4417}.Release|Any CPU.ActiveCfg = Release|Any CPU
		{918819AC-42BD-47A1-B9FD-B8E225CF4417}.Release|Any CPU.Build.0 = Release|Any CPU
		{A342BA98-8F14-4C71-A150-01676E143AAD}.Debug|Any CPU.ActiveCfg = Debug|Any CPU
		{A342BA98-8F14-4C71-A150-01676E143AAD}.Debug|Any CPU.Build.0 = Debug|Any CPU
		{A342BA98-8F14-4C71-A150-01676E143AAD}.Release|Any CPU.ActiveCfg = Release|Any CPU
		{A342BA98-8F14-4C71-A150-01676E143AAD}.Release|Any CPU.Build.0 = Release|Any CPU
		{80551ED8-BC0A-420C-B63B-996E872F910B}.Debug|Any CPU.ActiveCfg = Debug|Any CPU
		{80551ED8-BC0A-420C-B63B-996E872F910B}.Debug|Any CPU.Build.0 = Debug|Any CPU
		{80551ED8-BC0A-420C-B63B-996E872F910B}.Release|Any CPU.ActiveCfg = Release|Any CPU
		{80551ED8-BC0A-420C-B63B-996E872F910B}.Release|Any CPU.Build.0 = Release|Any CPU
	EndGlobalSection
	GlobalSection(SolutionProperties) = preSolution
		HideSolutionNode = FALSE
	EndGlobalSection
	GlobalSection(NestedProjects) = preSolution
		{84BD15EB-BF75-42C3-BE99-197F8405EC4B} = {68F9281D-F8DF-4A3F-85CA-DB2E935B77B0}
		{D6A8A475-B1DA-4270-86F5-B4B84553C719} = {68F9281D-F8DF-4A3F-85CA-DB2E935B77B0}
		{46E80F33-A8C0-4208-B734-2BFA7AC67A50} = {D12018D6-2ED9-45B3-9E01-BA1B055E81D9}
		{A8EC3A67-D9A5-4494-B867-36E65674596D} = {D49AAC55-9AD9-4BB7-B37C-1C7DEE16D182}
		{7AB589AF-6025-4AB8-8DF0-75C93BB1A2D3} = {D49AAC55-9AD9-4BB7-B37C-1C7DEE16D182}
		{1BA40780-361C-4D8E-A9DC-5EDBAE71EF57} = {A003EBC5-CFAB-45C2-8BF0-A83A33C4739D}
		{3E3ACFFE-6B12-4D8F-9CC5-808919E32360} = {A003EBC5-CFAB-45C2-8BF0-A83A33C4739D}
		{7E85CBAF-51BC-4EA8-876C-FFD3E596C6E2} = {A003EBC5-CFAB-45C2-8BF0-A83A33C4739D}
		{5C1B3CC9-735F-4956-AC2D-9EFF0010B782} = {A003EBC5-CFAB-45C2-8BF0-A83A33C4739D}
		{210971FD-70B8-4818-9A4F-3FEECB905B31} = {A003EBC5-CFAB-45C2-8BF0-A83A33C4739D}
		{918819AC-42BD-47A1-B9FD-B8E225CF4417} = {A003EBC5-CFAB-45C2-8BF0-A83A33C4739D}
		{A342BA98-8F14-4C71-A150-01676E143AAD} = {A003EBC5-CFAB-45C2-8BF0-A83A33C4739D}
		{80551ED8-BC0A-420C-B63B-996E872F910B} = {3D828A14-8AB8-451D-B7B9-09188B87788B}
	EndGlobalSection
	GlobalSection(ExtensibilityGlobals) = postSolution
		SolutionGuid = {72B02F4C-67CE-4D29-B419-9D4DFF30E0C9}
	EndGlobalSection
EndGlobal
